{
  "version": 4,
  "terraform_version": "0.13.0",
  "serial": 4,
  "lineage": "70b53d14-5d51-1ec6-6dac-9bcb0904730d",
  "outputs": {
    "project_id": {
      "value": "top-collective-286417",
      "type": "string"
    },
    "region": {
      "value": "us-central1",
      "type": "string"
    }
  },
  "resources": [
    {
      "mode": "managed",
      "type": "google_compute_network",
      "name": "vpc",
      "provider": "provider[\"registry.terraform.io/hashicorp/google\"]",
      "instances": [
        {
          "schema_version": 0,
          "attributes": {
            "auto_create_subnetworks": false,
            "delete_default_routes_on_create": false,
            "description": "",
            "gateway_ipv4": "",
            "id": "projects/top-collective-286417/global/networks/top-collective-286417-vpc",
            "ipv4_range": null,
            "name": "top-collective-286417-vpc",
            "project": "top-collective-286417",
            "routing_mode": "REGIONAL",
            "self_link": "https://www.googleapis.com/compute/v1/projects/top-collective-286417/global/networks/top-collective-286417-vpc",
            "timeouts": null
          },
          "private": "eyJlMmJmYjczMC1lY2FhLTExZTYtOGY4OC0zNDM2M2JjN2M0YzAiOnsiY3JlYXRlIjoyNDAwMDAwMDAwMDAsImRlbGV0ZSI6MjQwMDAwMDAwMDAwLCJ1cGRhdGUiOjI0MDAwMDAwMDAwMH19"
        }
      ]
    },
    {
      "mode": "managed",
      "type": "google_compute_subnetwork",
      "name": "subnet",
      "provider": "provider[\"registry.terraform.io/hashicorp/google\"]",
      "instances": [
        {
          "schema_version": 0,
          "attributes": {
            "creation_timestamp": "2020-08-25T16:29:55.857-07:00",
            "description": "",
            "enable_flow_logs": null,
            "fingerprint": null,
            "gateway_address": "10.10.0.1",
            "id": "projects/top-collective-286417/regions/us-central1/subnetworks/top-collective-286417-subnet",
            "ip_cidr_range": "10.10.0.0/24",
            "log_config": [],
            "name": "top-collective-286417-subnet",
            "network": "https://www.googleapis.com/compute/v1/projects/top-collective-286417/global/networks/top-collective-286417-vpc",
            "private_ip_google_access": false,
            "project": "top-collective-286417",
            "region": "us-central1",
            "secondary_ip_range": [],
            "self_link": "https://www.googleapis.com/compute/v1/projects/top-collective-286417/regions/us-central1/subnetworks/top-collective-286417-subnet",
            "timeouts": null
          },
          "private": "eyJlMmJmYjczMC1lY2FhLTExZTYtOGY4OC0zNDM2M2JjN2M0YzAiOnsiY3JlYXRlIjozNjAwMDAwMDAwMDAsImRlbGV0ZSI6MzYwMDAwMDAwMDAwLCJ1cGRhdGUiOjM2MDAwMDAwMDAwMH19",
          "dependencies": [
            "google_compute_network.vpc"
          ]
        }
      ]
    },
    {
      "mode": "managed",
      "type": "google_container_cluster",
      "name": "primary",
      "provider": "provider[\"registry.terraform.io/hashicorp/google\"]",
      "instances": [
        {
          "schema_version": 1,
          "attributes": {
            "additional_zones": [],
            "addons_config": [
              {
                "cloudrun_config": [],
                "horizontal_pod_autoscaling": [],
                "http_load_balancing": [],
                "kubernetes_dashboard": [],
                "network_policy_config": [
                  {
                    "disabled": true
                  }
                ]
              }
            ],
            "authenticator_groups_config": [],
            "cluster_autoscaling": [
              {
                "auto_provisioning_defaults": [],
                "enabled": false,
                "resource_limits": []
              }
            ],
            "cluster_ipv4_cidr": "10.32.0.0/14",
            "database_encryption": [
              {
                "key_name": "",
                "state": "DECRYPTED"
              }
            ],
            "default_max_pods_per_node": null,
            "description": "",
            "enable_binary_authorization": false,
            "enable_intranode_visibility": null,
            "enable_kubernetes_alpha": false,
            "enable_legacy_abac": false,
            "enable_shielded_nodes": false,
            "enable_tpu": null,
            "endpoint": "35.202.229.160",
            "id": "projects/top-collective-286417/locations/us-central1/clusters/top-collective-286417-gke",
            "initial_node_count": 1,
            "instance_group_urls": [],
            "ip_allocation_policy": [],
            "label_fingerprint": "a9dc16a7",
            "location": "us-central1",
            "logging_service": "logging.googleapis.com/kubernetes",
            "maintenance_policy": [],
            "master_auth": [
              {
                "client_certificate": "",
                "client_certificate_config": [
                  {
                    "issue_client_certificate": false
                  }
                ],
                "client_key": "",
                "cluster_ca_certificate": "LS0tLS1CRUdJTiBDRVJUSUZJQ0FURS0tLS0tCk1JSURLekNDQWhPZ0F3SUJBZ0lSQUtLUFF4alY2eDhjUWxUNDBCUWtrM293RFFZSktvWklodmNOQVFFTEJRQXcKTHpFdE1Dc0dBMVVFQXhNa05EVTBOV1U1TVdZdE4yWTNOQzAwTURobExXRTRZVEV0WXpobVl6WTRZMk15TWpKaApNQjRYRFRJd01EZ3lOVEl5TXpBeE9Gb1hEVEkxTURneU5ESXpNekF4T0Zvd0x6RXRNQ3NHQTFVRUF4TWtORFUwCk5XVTVNV1l0TjJZM05DMDBNRGhsTFdFNFlURXRZemhtWXpZNFkyTXlNakpoTUlJQklqQU5CZ2txaGtpRzl3MEIKQVFFRkFBT0NBUThBTUlJQkNnS0NBUUVBcjBkNjkxanBZdUFTSGJiOWFJNU93SHU4aTZySUNvSDR2SzRqeTlhVQpjWUtwMzBiaU81THdoSEhsVHhOVE5UOGxhekZrbzZTUEhGc2MyTkM3TGlwT1FrMWd2ZTJDTFY1R2x4SjR1N3lsCkMyd09CTU5PZ2dQMG1iaTVXYmM5Y0NWS1JmdUR1T3FiQkpPQWxmakhVUjlhWWh2L2RjUEdiaU5xWjgrTnM2TG8KTG5sS2Z1ejQrdm9Da1o1dWZWN3JTU3ZjYllNeVNSVWt0K2F5ZU9uTFhlZm0zOVo3alNYbHpFYjFkQ2pQMUNsaApTajNubU1SNlg1L1VITUhVdWM0dmlsQjZidEQ2blZZKzBoZlU0Q1B4cWt3Mzh6MzdLOEZ4MWdFeXV0M3V6aERBCkx5RjFaSEpqdmRwakVWcktKakc1RC9hRXdhZktpakxTVVBhTEEzVEUrZHFHWVFJREFRQUJvMEl3UURBT0JnTlYKSFE4QkFmOEVCQU1DQWdRd0R3WURWUjBUQVFIL0JBVXdBd0VCL3pBZEJnTlZIUTRFRmdRVWRLQ3lPckdXb1hwZQp5UzRWZytHUHZlMWNKZjh3RFFZSktvWklodmNOQVFFTEJRQURnZ0VCQUhCMTdwYit1cmFtdnE5Zlp5ZWgxVmxKClFmTnV5K2s3VzF2K3NpTkNxdGxzK2psaTJuQkI1ZHoxa003cEk2OWJ1bEFXVTJablZDVkQ0NzVyWTZBRkFYTWkKU1hybFphUE1XNWpnclpObnY4MTJDR2RhSURERytUTGMxbk9LMmFpTlNNd3haMzR4elZBWXhQSVVLYWkrRUE3WApXeEhqZzhIa1ZHTmE0REorT2YvdVhueDc2SndxL2llQW1ucjE1c3hmWFFpY0p4SjZwSWt1TnhVVzNtbE13VStwCkNDNWtvSHNxbWhOK2YzdC9pK0l6QVVPSWlUdGVOSkl0VlZxbWlVTmFUMVVwOUdZcHlOZ0YvaHJBOHUwditLQkoKbUxiUk81THNoYXM5cGZCQ1puTU5BMG1IMFZqaFU3UnhGN3dCZmlXdERuVWJ0U3RlSnpPOWVBbVhqWlNqMDNJPQotLS0tLUVORCBDRVJUSUZJQ0FURS0tLS0tCg==",
                "password": "",
                "username": ""
              }
            ],
            "master_authorized_networks_config": [],
            "master_version": "1.15.12-gke.2",
            "min_master_version": null,
            "monitoring_service": "monitoring.googleapis.com/kubernetes",
            "name": "top-collective-286417-gke",
            "network": "projects/top-collective-286417/global/networks/top-collective-286417-vpc",
            "network_policy": [
              {
                "enabled": false,
                "provider": "PROVIDER_UNSPECIFIED"
              }
            ],
            "node_config": [],
            "node_locations": [
              "us-central1-a",
              "us-central1-b",
              "us-central1-f"
            ],
            "node_pool": [],
            "node_version": "1.15.12-gke.2",
            "operation": null,
            "pod_security_policy_config": null,
            "private_cluster_config": [],
            "project": "top-collective-286417",
            "region": null,
            "release_channel": [
              {
                "channel": "UNSPECIFIED"
              }
            ],
            "remove_default_node_pool": true,
            "resource_labels": null,
            "resource_usage_export_config": [],
            "services_ipv4_cidr": "10.35.240.0/20",
            "subnetwork": "projects/top-collective-286417/regions/us-central1/subnetworks/top-collective-286417-subnet",
            "timeouts": null,
            "vertical_pod_autoscaling": [],
            "workload_identity_config": [],
            "zone": null
          },
          "private": "eyJlMmJmYjczMC1lY2FhLTExZTYtOGY4OC0zNDM2M2JjN2M0YzAiOnsiY3JlYXRlIjoyNDAwMDAwMDAwMDAwLCJkZWxldGUiOjI0MDAwMDAwMDAwMDAsInJlYWQiOjI0MDAwMDAwMDAwMDAsInVwZGF0ZSI6MzYwMDAwMDAwMDAwMH0sInNjaGVtYV92ZXJzaW9uIjoiMSJ9",
          "dependencies": [
            "google_compute_network.vpc",
            "google_compute_subnetwork.subnet"
          ]
        }
      ]
    }
  ]
}
