{
  "version": 4,
  "terraform_version": "0.13.0",
  "serial": 13,
  "lineage": "3060800f-f63c-916f-f37c-e87ffbe10222",
  "outputs": {
    "project_id": {
      "value": "ttssomething",
      "type": "string"
    },
    "region": {
      "value": "us-east4",
      "type": "string"
    }
  },
  "resources": [
    {
      "mode": "managed",
      "type": "google_compute_network",
      "name": "vpc",
      "provider": "provider[\"registry.terraform.io/hashicorp/google\"]",
      "instances": [
        {
          "schema_version": 0,
          "attributes": {
            "auto_create_subnetworks": false,
            "delete_default_routes_on_create": false,
            "description": "",
            "gateway_ipv4": "",
            "id": "projects/ttssomething/global/networks/ttssomething-vpc",
            "ipv4_range": null,
            "name": "ttssomething-vpc",
            "project": "ttssomething",
            "routing_mode": "REGIONAL",
            "self_link": "https://www.googleapis.com/compute/v1/projects/ttssomething/global/networks/ttssomething-vpc",
            "timeouts": null
          },
          "private": "eyJlMmJmYjczMC1lY2FhLTExZTYtOGY4OC0zNDM2M2JjN2M0YzAiOnsiY3JlYXRlIjoyNDAwMDAwMDAwMDAsImRlbGV0ZSI6MjQwMDAwMDAwMDAwLCJ1cGRhdGUiOjI0MDAwMDAwMDAwMH19"
        }
      ]
    },
    {
      "mode": "managed",
      "type": "google_compute_subnetwork",
      "name": "subnet",
      "provider": "provider[\"registry.terraform.io/hashicorp/google\"]",
      "instances": [
        {
          "schema_version": 0,
          "attributes": {
            "creation_timestamp": "2020-08-25T17:14:25.623-07:00",
            "description": "",
            "enable_flow_logs": null,
            "fingerprint": null,
            "gateway_address": "10.10.0.1",
            "id": "projects/ttssomething/regions/us-east4/subnetworks/ttssomething-subnet",
            "ip_cidr_range": "10.10.0.0/24",
            "log_config": [],
            "name": "ttssomething-subnet",
            "network": "https://www.googleapis.com/compute/v1/projects/ttssomething/global/networks/ttssomething-vpc",
            "private_ip_google_access": false,
            "project": "ttssomething",
            "region": "us-east4",
            "secondary_ip_range": [],
            "self_link": "https://www.googleapis.com/compute/v1/projects/ttssomething/regions/us-east4/subnetworks/ttssomething-subnet",
            "timeouts": null
          },
          "private": "eyJlMmJmYjczMC1lY2FhLTExZTYtOGY4OC0zNDM2M2JjN2M0YzAiOnsiY3JlYXRlIjozNjAwMDAwMDAwMDAsImRlbGV0ZSI6MzYwMDAwMDAwMDAwLCJ1cGRhdGUiOjM2MDAwMDAwMDAwMH19",
          "dependencies": [
            "google_compute_network.vpc"
          ]
        }
      ]
    },
    {
      "mode": "managed",
      "type": "google_container_cluster",
      "name": "primary",
      "provider": "provider[\"registry.terraform.io/hashicorp/google\"]",
      "instances": [
        {
          "schema_version": 1,
          "attributes": {
            "additional_zones": [],
            "addons_config": [
              {
                "cloudrun_config": [],
                "horizontal_pod_autoscaling": [],
                "http_load_balancing": [],
                "kubernetes_dashboard": [],
                "network_policy_config": [
                  {
                    "disabled": true
                  }
                ]
              }
            ],
            "authenticator_groups_config": [],
            "cluster_autoscaling": [
              {
                "auto_provisioning_defaults": [],
                "enabled": false,
                "resource_limits": []
              }
            ],
            "cluster_ipv4_cidr": "10.20.0.0/14",
            "database_encryption": [
              {
                "key_name": "",
                "state": "DECRYPTED"
              }
            ],
            "default_max_pods_per_node": null,
            "description": "",
            "enable_binary_authorization": false,
            "enable_intranode_visibility": null,
            "enable_kubernetes_alpha": false,
            "enable_legacy_abac": false,
            "enable_shielded_nodes": false,
            "enable_tpu": null,
            "endpoint": "35.188.247.166",
            "id": "projects/ttssomething/locations/us-east4/clusters/ttssomething-gke",
            "initial_node_count": 1,
            "instance_group_urls": [],
            "ip_allocation_policy": [],
            "label_fingerprint": "a9dc16a7",
            "location": "us-east4",
            "logging_service": "logging.googleapis.com/kubernetes",
            "maintenance_policy": [],
            "master_auth": [
              {
                "client_certificate": "",
                "client_certificate_config": [
                  {
                    "issue_client_certificate": false
                  }
                ],
                "client_key": "",
                "cluster_ca_certificate": "LS0tLS1CRUdJTiBDRVJUSUZJQ0FURS0tLS0tCk1JSURLakNDQWhLZ0F3SUJBZ0lRS1FtMW44N3ZZZVlOdDA5aUZDcEJtVEFOQmdrcWhraUc5dzBCQVFzRkFEQXYKTVMwd0t3WURWUVFERXlSaVkyUXdNalJqTmkxbU5tRTFMVFJtT0dRdE9HVXhNaTB4TXpnME0ySTNZV0ZpWXpBdwpIaGNOTWpBd09ESTVNREExTXpNNVdoY05NalV3T0RJNE1ERTFNek01V2pBdk1TMHdLd1lEVlFRREV5UmlZMlF3Ck1qUmpOaTFtTm1FMUxUUm1PR1F0T0dVeE1pMHhNemcwTTJJM1lXRmlZekF3Z2dFaU1BMEdDU3FHU0liM0RRRUIKQVFVQUE0SUJEd0F3Z2dFS0FvSUJBUUNxT3IyeUVCRk9Vd1U0QWI2aWFUaU8zQXRDSS9XdkdiNXBkNXEzbk0zTApWUFl1QnlxMjlKMWpWRDBHR1M3N3dtSDBqbU9yZmUxUkZIYjkyZ2xGazc3ODZzbXY0VXBzTS8zYUc4dW1KdU9tCkpJOW0vY1BuSmdiNGh4Nk5kT2pNYTV6clY2MjlzbENtUHVUNGNZRG9DaG1kaFZFNE4xRUdGZUpJcFNKdTQ5VmoKMTZLRFZQWmJMTHMzYndkeVFHRHVwV1NqdkVmQ1FCd2N0eGE5dlJGVmgwNk5FM1FJL1d6WDRPL3dobENUVlE5Tgo5WUxrRktFYTJHRHhoVnMrdC9FcHlNS2NFMFdDQTk0TC9TMGJJc2ZtRmVqY2RrSUl1TStSek13V0tBYm8wNjR2CmJZeWVaMTlVay8rcmJBdXdHTTI5b1V4Q1FBY0E1eFQrRFVuMmxHdnlyR0gxQWdNQkFBR2pRakJBTUE0R0ExVWQKRHdFQi93UUVBd0lDQkRBUEJnTlZIUk1CQWY4RUJUQURBUUgvTUIwR0ExVWREZ1FXQkJSYkRUTG5iUVdMWko1Rgo5MkpOWWxlckVGNXdGekFOQmdrcWhraUc5dzBCQVFzRkFBT0NBUUVBR1JZM3cvaXJRU0lyK09McDNDR2IrNVpJCktKNVBOZW5QS0NoQmdNUkJPYzBpakZGdi9uUjBrMlNKbGNqN1VwZEYyNGs3MDBsL3VndFFpZ216ZXdMbTFkM0gKWXVVZDFMSm1HaTBicmMwT0xkcnZhOGpVVWxtUGlMUndaN2QxTnBLcUVVUTZpRHJsV0l4ZnRVVi9VUkZZeEM2VwpqayswUzBEVHhOWjZnYUNWQVlyOGQyZmt4d21IZVJwYXhwNmorWlVxUnhnV3lVZ3NzbGJSZ01jMWVZM05WL2x1Cmk5NXFIdElmVjR5cU1YTGtmUlVTUXpKOTJ4bmxpRUJpNGZIV1hiWS9ycVlTMXhFNS8zYTgrVExNaTNDeFg0SUQKSjEzbWsrb2NxcXdteFVrYkdXcGlURk9yRjdPRlpuZFBZajY0M1NoUVNlNkxzNk9VRmljOVZGWnVwKzB3Wnc9PQotLS0tLUVORCBDRVJUSUZJQ0FURS0tLS0tCg==",
                "password": "",
                "username": ""
              }
            ],
            "master_authorized_networks_config": [],
            "master_version": "1.15.12-gke.2",
            "min_master_version": null,
            "monitoring_service": "monitoring.googleapis.com/kubernetes",
            "name": "ttssomething-gke",
            "network": "projects/ttssomething/global/networks/ttssomething-vpc",
            "network_policy": [
              {
                "enabled": false,
                "provider": "PROVIDER_UNSPECIFIED"
              }
            ],
            "node_config": [],
            "node_locations": [
              "us-east4-a",
              "us-east4-b",
              "us-east4-c"
            ],
            "node_pool": [],
            "node_version": "1.15.12-gke.2",
            "operation": null,
            "pod_security_policy_config": null,
            "private_cluster_config": [],
            "project": "ttssomething",
            "region": null,
            "release_channel": [
              {
                "channel": "UNSPECIFIED"
              }
            ],
            "remove_default_node_pool": true,
            "resource_labels": null,
            "resource_usage_export_config": [],
            "services_ipv4_cidr": "10.23.240.0/20",
            "subnetwork": "projects/ttssomething/regions/us-east4/subnetworks/ttssomething-subnet",
            "timeouts": null,
            "vertical_pod_autoscaling": [],
            "workload_identity_config": [],
            "zone": null
          },
          "private": "eyJlMmJmYjczMC1lY2FhLTExZTYtOGY4OC0zNDM2M2JjN2M0YzAiOnsiY3JlYXRlIjoyNDAwMDAwMDAwMDAwLCJkZWxldGUiOjI0MDAwMDAwMDAwMDAsInJlYWQiOjI0MDAwMDAwMDAwMDAsInVwZGF0ZSI6MzYwMDAwMDAwMDAwMH0sInNjaGVtYV92ZXJzaW9uIjoiMSJ9",
          "dependencies": [
            "google_compute_network.vpc",
            "google_compute_subnetwork.subnet"
          ]
        }
      ]
    }
  ]
}
