{
  "version": 4,
  "terraform_version": "0.13.0",
  "serial": 8,
  "lineage": "5c8ea8a3-b915-e767-317c-a882bf56a831",
  "outputs": {
    "project_id": {
      "value": "total-amp-287613",
      "type": "string"
    },
    "region": {
      "value": "us-central1",
      "type": "string"
    }
  },
  "resources": [
    {
      "mode": "managed",
      "type": "google_compute_network",
      "name": "vpc",
      "provider": "provider[\"registry.terraform.io/hashicorp/google\"]",
      "instances": [
        {
          "schema_version": 0,
          "attributes": {
            "auto_create_subnetworks": false,
            "delete_default_routes_on_create": false,
            "description": "",
            "gateway_ipv4": "",
            "id": "projects/total-amp-287613/global/networks/total-amp-287613-vpc",
            "ipv4_range": null,
            "name": "total-amp-287613-vpc",
            "project": "total-amp-287613",
            "routing_mode": "REGIONAL",
            "self_link": "https://www.googleapis.com/compute/v1/projects/total-amp-287613/global/networks/total-amp-287613-vpc",
            "timeouts": null
          },
          "private": "eyJlMmJmYjczMC1lY2FhLTExZTYtOGY4OC0zNDM2M2JjN2M0YzAiOnsiY3JlYXRlIjoyNDAwMDAwMDAwMDAsImRlbGV0ZSI6MjQwMDAwMDAwMDAwLCJ1cGRhdGUiOjI0MDAwMDAwMDAwMH19"
        }
      ]
    },
    {
      "mode": "managed",
      "type": "google_compute_subnetwork",
      "name": "subnet",
      "provider": "provider[\"registry.terraform.io/hashicorp/google\"]",
      "instances": [
        {
          "schema_version": 0,
          "attributes": {
            "creation_timestamp": "2020-08-26T09:19:11.025-07:00",
            "description": "",
            "enable_flow_logs": null,
            "fingerprint": null,
            "gateway_address": "10.10.0.1",
            "id": "projects/total-amp-287613/regions/us-central1/subnetworks/total-amp-287613-subnet",
            "ip_cidr_range": "10.10.0.0/24",
            "log_config": [],
            "name": "total-amp-287613-subnet",
            "network": "https://www.googleapis.com/compute/v1/projects/total-amp-287613/global/networks/total-amp-287613-vpc",
            "private_ip_google_access": false,
            "project": "total-amp-287613",
            "region": "us-central1",
            "secondary_ip_range": [],
            "self_link": "https://www.googleapis.com/compute/v1/projects/total-amp-287613/regions/us-central1/subnetworks/total-amp-287613-subnet",
            "timeouts": null
          },
          "private": "eyJlMmJmYjczMC1lY2FhLTExZTYtOGY4OC0zNDM2M2JjN2M0YzAiOnsiY3JlYXRlIjozNjAwMDAwMDAwMDAsImRlbGV0ZSI6MzYwMDAwMDAwMDAwLCJ1cGRhdGUiOjM2MDAwMDAwMDAwMH19",
          "dependencies": [
            "google_compute_network.vpc"
          ]
        }
      ]
    },
    {
      "mode": "managed",
      "type": "google_container_cluster",
      "name": "primary",
      "provider": "provider[\"registry.terraform.io/hashicorp/google\"]",
      "instances": [
        {
          "schema_version": 1,
          "attributes": {
            "additional_zones": [],
            "addons_config": [
              {
                "cloudrun_config": [],
                "horizontal_pod_autoscaling": [],
                "http_load_balancing": [],
                "kubernetes_dashboard": [],
                "network_policy_config": [
                  {
                    "disabled": true
                  }
                ]
              }
            ],
            "authenticator_groups_config": [],
            "cluster_autoscaling": [
              {
                "auto_provisioning_defaults": [],
                "enabled": false,
                "resource_limits": []
              }
            ],
            "cluster_ipv4_cidr": "10.36.0.0/14",
            "database_encryption": [
              {
                "key_name": "",
                "state": "DECRYPTED"
              }
            ],
            "default_max_pods_per_node": null,
            "description": "",
            "enable_binary_authorization": false,
            "enable_intranode_visibility": null,
            "enable_kubernetes_alpha": false,
            "enable_legacy_abac": false,
            "enable_shielded_nodes": false,
            "enable_tpu": null,
            "endpoint": "35.188.223.185",
            "id": "projects/total-amp-287613/locations/us-central1/clusters/total-amp-287613-gke",
            "initial_node_count": 1,
            "instance_group_urls": [],
            "ip_allocation_policy": [],
            "label_fingerprint": "a9dc16a7",
            "location": "us-central1",
            "logging_service": "logging.googleapis.com/kubernetes",
            "maintenance_policy": [],
            "master_auth": [
              {
                "client_certificate": "",
                "client_certificate_config": [
                  {
                    "issue_client_certificate": false
                  }
                ],
                "client_key": "",
                "cluster_ca_certificate": "LS0tLS1CRUdJTiBDRVJUSUZJQ0FURS0tLS0tCk1JSURLekNDQWhPZ0F3SUJBZ0lSQU1mNFFsOVJvdVFQY21GY3hMR1Fta0F3RFFZSktvWklodmNOQVFFTEJRQXcKTHpFdE1Dc0dBMVVFQXhNa01qWmxZVGMwTldJdE5URXhZeTAwWkRKakxXRmhZbVF0TWpFeFkyVXlNakkxTXpVeApNQjRYRFRJd01EZ3lOakUxTXpRek1Gb1hEVEkxTURneU5URTJNelF6TUZvd0x6RXRNQ3NHQTFVRUF4TWtNalpsCllUYzBOV0l0TlRFeFl5MDBaREpqTFdGaFltUXRNakV4WTJVeU1qSTFNelV4TUlJQklqQU5CZ2txaGtpRzl3MEIKQVFFRkFBT0NBUThBTUlJQkNnS0NBUUVBMDFsdFJaU09RZDdRaUhSSXVtcUVoVXRlNmhPYlBCdDF2aW5oQm8xdwpPU2dWMXI5WXVGN2Q4eTMxSGpmUkY3TW4xOHNnbHJXUjdUMFBNRnVFMmR0TlFCaUdZWUhGTFZwL1NNZVB5dktZCmVjNU50RFJ0bUc4OEpzT1V4MzJjRmhMcGYxWGRnTXp6L3l3R3VqMXJmeUx0V3ZYSVlHSFlXTmNNR1QyQ3NTWXMKYXl3OUw2c0VRYnVxZ2x5aDhMcXBjS1ZuVjhYTXlTcUVUZERCNVlPQStIbVN0Vmo2ZTFYWVlkS3Y1eGE1SFBzbApWbG4yeTZtaGdzRkNnTFQ0UkFpYnRxOTNudTl0N0xVWStQVHpLeHZ1c29OSHAwMVV1Y25kU3B3d2xTMmt1Wis4CkZENGtRMnlIemMwaHJhZEQyRVQ0UHRHN00vMnNXWGdhZUx3SXlmbGd3NENPMVFJREFRQUJvMEl3UURBT0JnTlYKSFE4QkFmOEVCQU1DQWdRd0R3WURWUjBUQVFIL0JBVXdBd0VCL3pBZEJnTlZIUTRFRmdRVUZ3UU9wSTFmNkk5Tgo3MUhORG8ybEZodE53emt3RFFZSktvWklodmNOQVFFTEJRQURnZ0VCQUt2RjJIdWpWMHZZZ1ZlOVM0Y0xjR3N5ClNzWTFYUkhHekdxWjczdUM3TStCb0poOTd5SndhWHBGVXkrZlA4UmM0MG14WWFLL08zM3NhOWF0Z0s1QTNpa00KS0o2ZWY0VEZrQjIvODB3R1FCTGZrdlpTK2xzNW5PRDV1eHExTEhGcGNqYlhXZXBQRFNuSk1YYkpwcC9SckhaNApwTVJ2QW1KaWljeUJWSjZpaEIvZ2UrcDZ2RHVZRWhsMjZsS0RXL1dtN3pNdGsxNVJIWkhPS1ZjU0htQVpBRTZYClA2czlRUWxmK2phU2N5dzNzN2dNOXYrVlkrUGd5VkMrSTJsaDVBZ1FmMTJ2WExMMXFPanZkTE9MVDc5d3A2R1EKSmhxNm52VG9Fa0NhamJuK3VhTzVWL1dyQy9ZeWp3VGwveDdQZGRrNnVLcXRXd2RkYTl3bnJidm00eVhoZmNzPQotLS0tLUVORCBDRVJUSUZJQ0FURS0tLS0tCg==",
                "password": "",
                "username": ""
              }
            ],
            "master_authorized_networks_config": [],
            "master_version": "1.15.12-gke.2",
            "min_master_version": null,
            "monitoring_service": "monitoring.googleapis.com/kubernetes",
            "name": "total-amp-287613-gke",
            "network": "projects/total-amp-287613/global/networks/total-amp-287613-vpc",
            "network_policy": [
              {
                "enabled": false,
                "provider": "PROVIDER_UNSPECIFIED"
              }
            ],
            "node_config": [],
            "node_locations": [
              "us-central1-b",
              "us-central1-c",
              "us-central1-f"
            ],
            "node_pool": [],
            "node_version": "1.15.12-gke.2",
            "operation": null,
            "pod_security_policy_config": null,
            "private_cluster_config": [],
            "project": "total-amp-287613",
            "region": null,
            "release_channel": [
              {
                "channel": "UNSPECIFIED"
              }
            ],
            "remove_default_node_pool": true,
            "resource_labels": null,
            "resource_usage_export_config": [],
            "services_ipv4_cidr": "10.39.240.0/20",
            "subnetwork": "projects/total-amp-287613/regions/us-central1/subnetworks/total-amp-287613-subnet",
            "timeouts": null,
            "vertical_pod_autoscaling": [],
            "workload_identity_config": [],
            "zone": null
          },
          "private": "eyJlMmJmYjczMC1lY2FhLTExZTYtOGY4OC0zNDM2M2JjN2M0YzAiOnsiY3JlYXRlIjoyNDAwMDAwMDAwMDAwLCJkZWxldGUiOjI0MDAwMDAwMDAwMDAsInJlYWQiOjI0MDAwMDAwMDAwMDAsInVwZGF0ZSI6MzYwMDAwMDAwMDAwMH0sInNjaGVtYV92ZXJzaW9uIjoiMSJ9",
          "dependencies": [
            "google_compute_network.vpc",
            "google_compute_subnetwork.subnet"
          ]
        }
      ]
    }
  ]
}
